// !$*UTF8*$!
{
	archiveVersion = 1;
	classes = {
	};
	objectVersion = 77;
	objects = {

/* Begin PBXContainerItemProxy section */
		F472C56E2DFC69F9000D13D5 /* PBXContainerItemProxy */ = {
			isa = PBXContainerItemProxy;
			containerPortal = F472C5552DFC69F3000D13D5 /* Project object */;
			proxyType = 1;
			remoteGlobalIDString = F472C55C2DFC69F3000D13D5;
			remoteInfo = GoalGalApp;
		};
		F472C5782DFC69F9000D13D5 /* PBXContainerItemProxy */ = {
			isa = PBXContainerItemProxy;
			containerPortal = F472C5552DFC69F3000D13D5 /* Project object */;
			proxyType = 1;
			remoteGlobalIDString = F472C55C2DFC69F3000D13D5;
			remoteInfo = GoalGalApp;
		};
/* End PBXContainerItemProxy section */

/* Begin PBXFileReference section */
		F472C55D2DFC69F3000D13D5 /* GoalGalApp.app */ = {isa = PBXFileReference; explicitFileType = wrapper.application; includeInIndex = 0; path = GoalGalApp.app; sourceTree = BUILT_PRODUCTS_DIR; };
		F472C56D2DFC69F9000D13D5 /* GoalGalAppTests.xctest */ = {isa = PBXFileReference; explicitFileType = wrapper.cfbundle; includeInIndex = 0; path = GoalGalAppTests.xctest; sourceTree = BUILT_PRODUCTS_DIR; };
		F472C5772DFC69F9000D13D5 /* GoalGalAppUITests.xctest */ = {isa = PBXFileReference; explicitFileType = wrapper.cfbundle; includeInIndex = 0; path = GoalGalAppUITests.xctest; sourceTree = BUILT_PRODUCTS_DIR; };
/* End PBXFileReference section */

/* Begin PBXFileSystemSynchronizedBuildFileExceptionSet section */
		F472C5C72DFE035B000D13D5 /* Exceptions for "GoalGalApp" folder in "GoalGalApp" target */ = {
			isa = PBXFileSystemSynchronizedBuildFileExceptionSet;
			membershipExceptions = (
				GoalGalAppTests/GoalGalAppTests.swift,
				Info.plist,
			);
			target = F472C55C2DFC69F3000D13D5 /* GoalGalApp */;
		};
		F472C5C82DFE035B000D13D5 /* Exceptions for "GoalGalApp" folder in "GoalGalAppTests" target */ = {
			isa = PBXFileSystemSynchronizedBuildFileExceptionSet;
			membershipExceptions = (
				GoalGalAppTests/GoalGalAppTests.swift,
			);
			target = F472C56C2DFC69F9000D13D5 /* GoalGalAppTests */;
		};
/* End PBXFileSystemSynchronizedBuildFileExceptionSet section */

/* Begin PBXFileSystemSynchronizedRootGroup section */
		F472C55F2DFC69F3000D13D5 /* GoalGalApp */ = {
			isa = PBXFileSystemSynchronizedRootGroup;
			exceptions = (
				F472C5C72DFE035B000D13D5 /* Exceptions for "GoalGalApp" folder in "GoalGalApp" target */,
				F472C5C82DFE035B000D13D5 /* Exceptions for "GoalGalApp" folder in "GoalGalAppTests" target */,
			);
			path = GoalGalApp;
			sourceTree = "<group>";
		};
		F472C57A2DFC69F9000D13D5 /* GoalGalAppUITests */ = {
			isa = PBXFileSystemSynchronizedRootGroup;
			path = GoalGalAppUITests;
			sourceTree = "<group>";
		};
/* End PBXFileSystemSynchronizedRootGroup section */

/* Begin PBXFrameworksBuildPhase section */
		F472C55A2DFC69F3000D13D5 /* Frameworks */ = {
			isa = PBXFrameworksBuildPhase;
			buildActionMask = 2147483647;
			files = (
			);
			runOnlyForDeploymentPostprocessing = 0;
		};
		F472C56A2DFC69F9000D13D5 /* Frameworks */ = {
			isa = PBXFrameworksBuildPhase;
			buildActionMask = 2147483647;
			files = (
			);
			runOnlyForDeploymentPostprocessing = 0;
		};
		F472C5742DFC69F9000D13D5 /* Frameworks */ = {
			isa = PBXFrameworksBuildPhase;
			buildActionMask = 2147483647;
			files = (
			);
			runOnlyForDeploymentPostprocessing = 0;
		};
/* End PBXFrameworksBuildPhase section */

/* Begin PBXGroup section */
		F472C5542DFC69F3000D13D5 = {
			isa = PBXGroup;
			children = (
				F472C55F2DFC69F3000D13D5 /* GoalGalApp */,
				F472C57A2DFC69F9000D13D5 /* GoalGalAppUITests */,
				F472C55E2DFC69F3000D13D5 /* Products */,
			);
			sourceTree = "<group>";
		};
		F472C55E2DFC69F3000D13D5 /* Products */ = {
			isa = PBXGroup;
			children = (
				F472C55D2DFC69F3000D13D5 /* GoalGalApp.app */,
				F472C56D2DFC69F9000D13D5 /* GoalGalAppTests.xctest */,
				F472C5772DFC69F9000D13D5 /* GoalGalAppUITests.xctest */,
			);
			name = Products;
			sourceTree = "<group>";
		};
/* End PBXGroup section */

/* Begin PBXNativeTarget section */
		F472C55C2DFC69F3000D13D5 /* GoalGalApp */ = {
			isa = PBXNativeTarget;
			buildConfigurationList = F472C5812DFC69F9000D13D5 /* Build configuration list for PBXNativeTarget "GoalGalApp" */;
			buildPhases = (
				F472C5592DFC69F3000D13D5 /* Sources */,
				F472C55A2DFC69F3000D13D5 /* Frameworks */,
				F472C55B2DFC69F3000D13D5 /* Resources */,
			);
			buildRules = (
			);
			dependencies = (
			);
			fileSystemSynchronizedGroups = (
				F472C55F2DFC69F3000D13D5 /* GoalGalApp */,
			);
			name = GoalGalApp;
			packageProductDependencies = (
			);
			productName = GoalGalApp;
			productReference = F472C55D2DFC69F3000D13D5 /* GoalGalApp.app */;
			productType = "com.apple.product-type.application";
		};
		F472C56C2DFC69F9000D13D5 /* GoalGalAppTests */ = {
			isa = PBXNativeTarget;
			buildConfigurationList = F472C5842DFC69F9000D13D5 /* Build configuration list for PBXNativeTarget "GoalGalAppTests" */;
			buildPhases = (
				F472C5692DFC69F9000D13D5 /* Sources */,
				F472C56A2DFC69F9000D13D5 /* Frameworks */,
				F472C56B2DFC69F9000D13D5 /* Resources */,
			);
			buildRules = (
			);
			dependencies = (
				F472C56F2DFC69F9000D13D5 /* PBXTargetDependency */,
			);
			name = GoalGalAppTests;
			packageProductDependencies = (
			);
			productName = GoalGalAppTests;
			productReference = F472C56D2DFC69F9000D13D5 /* GoalGalAppTests.xctest */;
			productType = "com.apple.product-type.bundle.unit-test";
		};
		F472C5762DFC69F9000D13D5 /* GoalGalAppUITests */ = {
			isa = PBXNativeTarget;
			buildConfigurationList = F472C5872DFC69F9000D13D5 /* Build configuration list for PBXNativeTarget "GoalGalAppUITests" */;
			buildPhases = (
				F472C5732DFC69F9000D13D5 /* Sources */,
				F472C5742DFC69F9000D13D5 /* Frameworks */,
				F472C5752DFC69F9000D13D5 /* Resources */,
			);
			buildRules = (
			);
			dependencies = (
				F472C5792DFC69F9000D13D5 /* PBXTargetDependency */,
			);
			fileSystemSynchronizedGroups = (
				F472C57A2DFC69F9000D13D5 /* GoalGalAppUITests */,
			);
			name = GoalGalAppUITests;
			packageProductDependencies = (
			);
			productName = GoalGalAppUITests;
			productReference = F472C5772DFC69F9000D13D5 /* GoalGalAppUITests.xctest */;
			productType = "com.apple.product-type.bundle.ui-testing";
		};
/* End PBXNativeTarget section */

/* Begin PBXProject section */
		F472C5552DFC69F3000D13D5 /* Project object */ = {
			isa = PBXProject;
			attributes = {
				BuildIndependentTargetsInParallel = 1;
				LastSwiftUpdateCheck = 1620;
				LastUpgradeCheck = 1620;
				TargetAttributes = {
					F472C55C2DFC69F3000D13D5 = {
						CreatedOnToolsVersion = 16.2;
					};
					F472C56C2DFC69F9000D13D5 = {
						CreatedOnToolsVersion = 16.2;
						TestTargetID = F472C55C2DFC69F3000D13D5;
					};
					F472C5762DFC69F9000D13D5 = {
						CreatedOnToolsVersion = 16.2;
						TestTargetID = F472C55C2DFC69F3000D13D5;
					};
				};
			};
			buildConfigurationList = F472C5582DFC69F3000D13D5 /* Build configuration list for PBXProject "GoalGalApp" */;
			developmentRegion = en;
			hasScannedForEncodings = 0;
			knownRegions = (
				en,
				Base,
			);
			mainGroup = F472C5542DFC69F3000D13D5;
			minimizedProjectReferenceProxies = 1;
			preferredProjectObjectVersion = 77;
			productRefGroup = F472C55E2DFC69F3000D13D5 /* Products */;
			projectDirPath = "";
			projectRoot = "";
			targets = (
				F472C55C2DFC69F3000D13D5 /* GoalGalApp */,
				F472C56C2DFC69F9000D13D5 /* GoalGalAppTests */,
				F472C5762DFC69F9000D13D5 /* GoalGalAppUITests */,
			);
		};
/* End PBXProject section */

/* Begin PBXResourcesBuildPhase section */
		F472C55B2DFC69F3000D13D5 /* Resources */ = {
			isa = PBXResourcesBuildPhase;
			buildActionMask = 2147483647;
			files = (
			);
			runOnlyForDeploymentPostprocessing = 0;
		};
		F472C56B2DFC69F9000D13D5 /* Resources */ = {
			isa = PBXResourcesBuildPhase;
			buildActionMask = 2147483647;
			files = (
			);
			runOnlyForDeploymentPostprocessing = 0;
		};
		F472C5752DFC69F9000D13D5 /* Resources */ = {
			isa = PBXResourcesBuildPhase;
			buildActionMask = 2147483647;
			files = (
			);
			runOnlyForDeploymentPostprocessing = 0;
		};
/* End PBXResourcesBuildPhase section */

/* Begin PBXSourcesBuildPhase section */
		F472C5592DFC69F3000D13D5 /* Sources */ = {
			isa = PBXSourcesBuildPhase;
			buildActionMask = 2147483647;
			files = (
			);
			runOnlyForDeploymentPostprocessing = 0;
		};
		F472C5692DFC69F9000D13D5 /* Sources */ = {
			isa = PBXSourcesBuildPhase;
			buildActionMask = 2147483647;
			files = (
			);
			runOnlyForDeploymentPostprocessing = 0;
		};
		F472C5732DFC69F9000D13D5 /* Sources */ = {
			isa = PBXSourcesBuildPhase;
			buildActionMask = 2147483647;
			files = (
			);
			runOnlyForDeploymentPostprocessing = 0;
		};
/* End PBXSourcesBuildPhase section */

/* Begin PBXTargetDependency section */
		F472C56F2DFC69F9000D13D5 /* PBXTargetDependency */ = {
			isa = PBXTargetDependency;
			target = F472C55C2DFC69F3000D13D5 /* GoalGalApp */;
			targetProxy = F472C56E2DFC69F9000D13D5 /* PBXContainerItemProxy */;
		};
		F472C5792DFC69F9000D13D5 /* PBXTargetDependency */ = {
			isa = PBXTargetDependency;
			target = F472C55C2DFC69F3000D13D5 /* GoalGalApp */;
			targetProxy = F472C5782DFC69F9000D13D5 /* PBXContainerItemProxy */;
		};
/* End PBXTargetDependency section */

/* Begin XCBuildConfiguration section */
		F472C57F2DFC69F9000D13D5 /* Debug */ = {
			isa = XCBuildConfiguration;
			buildSettings = {
				ALWAYS_SEARCH_USER_PATHS = NO;
				ASSETCATALOG_COMPILER_GENERATE_SWIFT_ASSET_SYMBOL_EXTENSIONS = YES;
				CLANG_ANALYZER_NONNULL = YES;
				CLANG_ANALYZER_NUMBER_OBJECT_CONVERSION = YES_AGGRESSIVE;
				CLANG_CXX_LANGUAGE_STANDARD = "gnu++20";
				CLANG_ENABLE_MODULES = YES;
				CLANG_ENABLE_OBJC_ARC = YES;
				CLANG_ENABLE_OBJC_WEAK = YES;
				CLANG_WARN_BLOCK_CAPTURE_AUTORELEASING = YES;
				CLANG_WARN_BOOL_CONVERSION = YES;
				CLANG_WARN_COMMA = YES;
				CLANG_WARN_CONSTANT_CONVERSION = YES;
				CLANG_WARN_DEPRECATED_OBJC_IMPLEMENTATIONS = YES;
				CLANG_WARN_DIRECT_OBJC_ISA_USAGE = YES_ERROR;
				CLANG_WARN_DOCUMENTATION_COMMENTS = YES;
				CLANG_WARN_EMPTY_BODY = YES;
				CLANG_WARN_ENUM_CONVERSION = YES;
				CLANG_WARN_INFINITE_RECURSION = YES;
				CLANG_WARN_INT_CONVERSION = YES;
				CLANG_WARN_NON_LITERAL_NULL_CONVERSION = YES;
				CLANG_WARN_OBJC_IMPLICIT_RETAIN_SELF = YES;
				CLANG_WARN_OBJC_LITERAL_CONVERSION = YES;
				CLANG_WARN_OBJC_ROOT_CLASS = YES_ERROR;
				CLANG_WARN_QUOTED_INCLUDE_IN_FRAMEWORK_HEADER = YES;
				CLANG_WARN_RANGE_LOOP_ANALYSIS = YES;
				CLANG_WARN_STRICT_PROTOTYPES = YES;
				CLANG_WARN_SUSPICIOUS_MOVE = YES;
				CLANG_WARN_UNGUARDED_AVAILABILITY = YES_AGGRESSIVE;
				CLANG_WARN_UNREACHABLE_CODE = YES;
				CLANG_WARN__DUPLICATE_METHOD_MATCH = YES;
				COPY_PHASE_STRIP = NO;
				DEBUG_INFORMATION_FORMAT = dwarf;
				ENABLE_STRICT_OBJC_MSGSEND = YES;
				ENABLE_TESTABILITY = YES;
				ENABLE_USER_SCRIPT_SANDBOXING = YES;
				GCC_C_LANGUAGE_STANDARD = gnu17;
				GCC_DYNAMIC_NO_PIC = NO;
				GCC_NO_COMMON_BLOCKS = YES;
				GCC_OPTIMIZATION_LEVEL = 0;
				GCC_PREPROCESSOR_DEFINITIONS = (
					"DEBUG=1",
					"$(inherited)",
				);
				GCC_WARN_64_TO_32_BIT_CONVERSION = YES;
				GCC_WARN_ABOUT_RETURN_TYPE = YES_ERROR;
				GCC_WARN_UNDECLARED_SELECTOR = YES;
				GCC_WARN_UNINITIALIZED_AUTOS = YES_AGGRESSIVE;
				GCC_WARN_UNUSED_FUNCTION = YES;
				GCC_WARN_UNUSED_VARIABLE = YES;
				IPHONEOS_DEPLOYMENT_TARGET = 18.2;
				LOCALIZATION_PREFERS_STRING_CATALOGS = YES;
				MTL_ENABLE_DEBUG_INFO = INCLUDE_SOURCE;
				MTL_FAST_MATH = YES;
				ONLY_ACTIVE_ARCH = YES;
				SDKROOT = iphoneos;
				SWIFT_ACTIVE_COMPILATION_CONDITIONS = "DEBUG $(inherited)";
				SWIFT_OPTIMIZATION_LEVEL = "-Onone";
			};
			name = Debug;
		};
		F472C5802DFC69F9000D13D5 /* Release */ = {
			isa = XCBuildConfiguration;
			buildSettings = {
				ALWAYS_SEARCH_USER_PATHS = NO;
				ASSETCATALOG_COMPILER_GENERATE_SWIFT_ASSET_SYMBOL_EXTENSIONS = YES;
				CLANG_ANALYZER_NONNULL = YES;
				CLANG_ANALYZER_NUMBER_OBJECT_CONVERSION = YES_AGGRESSIVE;
				CLANG_CXX_LANGUAGE_STANDARD = "gnu++20";
				CLANG_ENABLE_MODULES = YES;
				CLANG_ENABLE_OBJC_ARC = YES;
				CLANG_ENABLE_OBJC_WEAK = YES;
				CLANG_WARN_BLOCK_CAPTURE_AUTORELEASING = YES;
				CLANG_WARN_BOOL_CONVERSION = YES;
				CLANG_WARN_COMMA = YES;
				CLANG_WARN_CONSTANT_CONVERSION = YES;
				CLANG_WARN_DEPRECATED_OBJC_IMPLEMENTATIONS = YES;
				CLANG_WARN_DIRECT_OBJC_ISA_USAGE = YES_ERROR;
				CLANG_WARN_DOCUMENTATION_COMMENTS = YES;
				CLANG_WARN_EMPTY_BODY = YES;
				CLANG_WARN_ENUM_CONVERSION = YES;
				CLANG_WARN_INFINITE_RECURSION = YES;
				CLANG_WARN_INT_CONVERSION = YES;
				CLANG_WARN_NON_LITERAL_NULL_CONVERSION = YES;
				CLANG_WARN_OBJC_IMPLICIT_RETAIN_SELF = YES;
				CLANG_WARN_OBJC_LITERAL_CONVERSION = YES;
				CLANG_WARN_OBJC_ROOT_CLASS = YES_ERROR;
				CLANG_WARN_QUOTED_INCLUDE_IN_FRAMEWORK_HEADER = YES;
				CLANG_WARN_RANGE_LOOP_ANALYSIS = YES;
				CLANG_WARN_STRICT_PROTOTYPES = YES;
				CLANG_WARN_SUSPICIOUS_MOVE = YES;
				CLANG_WARN_UNGUARDED_AVAILABILITY = YES_AGGRESSIVE;
				CLANG_WARN_UNREACHABLE_CODE = YES;
				CLANG_WARN__DUPLICATE_METHOD_MATCH = YES;
				COPY_PHASE_STRIP = NO;
				DEBUG_INFORMATION_FORMAT = "dwarf-with-dsym";
				ENABLE_NS_ASSERTIONS = NO;
				ENABLE_STRICT_OBJC_MSGSEND = YES;
				ENABLE_USER_SCRIPT_SANDBOXING = YES;
				GCC_C_LANGUAGE_STANDARD = gnu17;
				GCC_NO_COMMON_BLOCKS = YES;
				GCC_WARN_64_TO_32_BIT_CONVERSION = YES;
				GCC_WARN_ABOUT_RETURN_TYPE = YES_ERROR;
				GCC_WARN_UNDECLARED_SELECTOR = YES;
				GCC_WARN_UNINITIALIZED_AUTOS = YES_AGGRESSIVE;
				GCC_WARN_UNUSED_FUNCTION = YES;
				GCC_WARN_UNUSED_VARIABLE = YES;
				IPHONEOS_DEPLOYMENT_TARGET = 18.2;
				LOCALIZATION_PREFERS_STRING_CATALOGS = YES;
				MTL_ENABLE_DEBUG_INFO = NO;
				MTL_FAST_MATH = YES;
				SDKROOT = iphoneos;
				SWIFT_COMPILATION_MODE = wholemodule;
				VALIDATE_PRODUCT = YES;
			};
			name = Release;
		};
		F472C5822DFC69F9000D13D5 /* Debug */ = {
			isa = XCBuildConfiguration;
			buildSettings = {
				ASSETCATALOG_COMPILER_APPICON_NAME = AppIcon;
				ASSETCATALOG_COMPILER_GLOBAL_ACCENT_COLOR_NAME = AccentColor;
				CODE_SIGN_STYLE = Automatic;
				CURRENT_PROJECT_VERSION = 1;
				DEVELOPMENT_ASSET_PATHS = "\"GoalGalApp/Preview Content\"";
				DEVELOPMENT_TEAM = 8X8S2JLZD2;
				ENABLE_PREVIEWS = YES;
				GENERATE_INFOPLIST_FILE = YES;
				INFOPLIST_FILE = GoalGalApp/Info.plist;
				INFOPLIST_KEY_UIApplicationSceneManifest_Generation = YES;
				INFOPLIST_KEY_UIApplicationSupportsIndirectInputEvents = YES;
				INFOPLIST_KEY_UILaunchScreen_Generation = YES;
				INFOPLIST_KEY_UISupportedInterfaceOrientations_iPad = "UIInterfaceOrientationPortrait UIInterfaceOrientationPortraitUpsideDown UIInterfaceOrientationLandscapeLeft UIInterfaceOrientationLandscapeRight";
				INFOPLIST_KEY_UISupportedInterfaceOrientations_iPhone = "UIInterfaceOrientationPortrait UIInterfaceOrientationLandscapeLeft UIInterfaceOrientationLandscapeRight";
				LD_RUNPATH_SEARCH_PATHS = (
					"$(inherited)",
					"@executable_path/Frameworks",
				);
				MARKETING_VERSION = 1.0;
				PRODUCT_BUNDLE_IDENTIFIER = name.claire.GoalGalApp;
				PRODUCT_NAME = "$(TARGET_NAME)";
				SWIFT_EMIT_LOC_STRINGS = YES;
				SWIFT_VERSION = 5.0;
				TARGETED_DEVICE_FAMILY = "1,2";
			};
			name = Debug;
		};
		F472C5832DFC69F9000D13D5 /* Release */ = {
			isa = XCBuildConfiguration;
			buildSettings = {
				ASSETCATALOG_COMPILER_APPICON_NAME = AppIcon;
				ASSETCATALOG_COMPILER_GLOBAL_ACCENT_COLOR_NAME = AccentColor;
				CODE_SIGN_STYLE = Automatic;
				CURRENT_PROJECT_VERSION = 1;
				DEVELOPMENT_ASSET_PATHS = "\"GoalGalApp/Preview Content\"";
				DEVELOPMENT_TEAM = 8X8S2JLZD2;
				ENABLE_PREVIEWS = YES;
				GENERATE_INFOPLIST_FILE = YES;
				INFOPLIST_FILE = GoalGalApp/Info.plist;
				INFOPLIST_KEY_UIApplicationSceneManifest_Generation = YES;
				INFOPLIST_KEY_UIApplicationSupportsIndirectInputEvents = YES;
				INFOPLIST_KEY_UILaunchScreen_Generation = YES;
				INFOPLIST_KEY_UISupportedInterfaceOrientations_iPad = "UIInterfaceOrientationPortrait UIInterfaceOrientationPortraitUpsideDown UIInterfaceOrientationLandscapeLeft UIInterfaceOrientationLandscapeRight";
				INFOPLIST_KEY_UISupportedInterfaceOrientations_iPhone = "UIInterfaceOrientationPortrait UIInterfaceOrientationLandscapeLeft UIInterfaceOrientationLandscapeRight";
				LD_RUNPATH_SEARCH_PATHS = (
					"$(inherited)",
					"@executable_path/Frameworks",
				);
				MARKETING_VERSION = 1.0;
				PRODUCT_BUNDLE_IDENTIFIER = name.claire.GoalGalApp;
				PRODUCT_NAME = "$(TARGET_NAME)";
				SWIFT_EMIT_LOC_STRINGS = YES;
				SWIFT_VERSION = 5.0;
				TARGETED_DEVICE_FAMILY = "1,2";
			};
			name = Release;
		};
		F472C5852DFC69F9000D13D5 /* Debug */ = {
			isa = XCBuildConfiguration;
			buildSettings = {
				BUNDLE_LOADER = "$(TEST_HOST)";
				CODE_SIGN_STYLE = Automatic;
				CURRENT_PROJECT_VERSION = 1;
				DEVELOPMENT_TEAM = 8X8S2JLZD2;
				GENERATE_INFOPLIST_FILE = YES;
				IPHONEOS_DEPLOYMENT_TARGET = 18.2;
				MARKETING_VERSION = 1.0;
				PRODUCT_BUNDLE_IDENTIFIER = name.claire.GoalGalAppTests;
				PRODUCT_NAME = "$(TARGET_NAME)";
				SWIFT_EMIT_LOC_STRINGS = NO;
				SWIFT_VERSION = 5.0;
				TARGETED_DEVICE_FAMILY = "1,2";
				TEST_HOST = "$(BUILT_PRODUCTS_DIR)/GoalGalApp.app/$(BUNDLE_EXECUTABLE_FOLDER_PATH)/GoalGalApp";
			};
			name = Debug;
		};
		F472C5862DFC69F9000D13D5 /* Release */ = {
			isa = XCBuildConfiguration;
			buildSettings = {
				BUNDLE_LOADER = "$(TEST_HOST)";
				CODE_SIGN_STYLE = Automatic;
				CURRENT_PROJECT_VERSION = 1;
				DEVELOPMENT_TEAM = 8X8S2JLZD2;
				GENERATE_INFOPLIST_FILE = YES;
				IPHONEOS_DEPLOYMENT_TARGET = 18.2;
				MARKETING_VERSION = 1.0;
				PRODUCT_BUNDLE_IDENTIFIER = name.claire.GoalGalAppTests;
				PRODUCT_NAME = "$(TARGET_NAME)";
				SWIFT_EMIT_LOC_STRINGS = NO;
				SWIFT_VERSION = 5.0;
				TARGETED_DEVICE_FAMILY = "1,2";
				TEST_HOST = "$(BUILT_PRODUCTS_DIR)/GoalGalApp.app/$(BUNDLE_EXECUTABLE_FOLDER_PATH)/GoalGalApp";
			};
			name = Release;
		};
		F472C5882DFC69F9000D13D5 /* Debug */ = {
			isa = XCBuildConfiguration;
			buildSettings = {
				CODE_SIGN_STYLE = Automatic;
				CURRENT_PROJECT_VERSION = 1;
				DEVELOPMENT_TEAM = 8X8S2JLZD2;
				GENERATE_INFOPLIST_FILE = YES;
				MARKETING_VERSION = 1.0;
				PRODUCT_BUNDLE_IDENTIFIER = name.claire.GoalGalAppUITests;
				PRODUCT_NAME = "$(TARGET_NAME)";
				SWIFT_EMIT_LOC_STRINGS = NO;
				SWIFT_VERSION = 5.0;
				TARGETED_DEVICE_FAMILY = "1,2";
				TEST_TARGET_NAME = GoalGalApp;
			};
			name = Debug;
		};
		F472C5892DFC69F9000D13D5 /* Release */ = {
			isa = XCBuildConfiguration;
			buildSettings = {
				CODE_SIGN_STYLE = Automatic;
				CURRENT_PROJECT_VERSION = 1;
				DEVELOPMENT_TEAM = 8X8S2JLZD2;
				GENERATE_INFOPLIST_FILE = YES;
				MARKETING_VERSION = 1.0;
				PRODUCT_BUNDLE_IDENTIFIER = name.claire.GoalGalAppUITests;
				PRODUCT_NAME = "$(TARGET_NAME)";
				SWIFT_EMIT_LOC_STRINGS = NO;
				SWIFT_VERSION = 5.0;
				TARGETED_DEVICE_FAMILY = "1,2";
				TEST_TARGET_NAME = GoalGalApp;
			};
			name = Release;
		};
/* End XCBuildConfiguration section */

/* Begin XCConfigurationList section */
		F472C5582DFC69F3000D13D5 /* Build configuration list for PBXProject "GoalGalApp" */ = {
			isa = XCConfigurationList;
			buildConfigurations = (
				F472C57F2DFC69F9000D13D5 /* Debug */,
				F472C5802DFC69F9000D13D5 /* Release */,
			);
			defaultConfigurationIsVisible = 0;
			defaultConfigurationName = Release;
		};
		F472C5812DFC69F9000D13D5 /* Build configuration list for PBXNativeTarget "GoalGalApp" */ = {
			isa = XCConfigurationList;
			buildConfigurations = (
				F472C5822DFC69F9000D13D5 /* Debug */,
				F472C5832DFC69F9000D13D5 /* Release */,
			);
			defaultConfigurationIsVisible = 0;
			defaultConfigurationName = Release;
		};
		F472C5842DFC69F9000D13D5 /* Build configuration list for PBXNativeTarget "GoalGalAppTests" */ = {
			isa = XCConfigurationList;
			buildConfigurations = (
				F472C5852DFC69F9000D13D5 /* Debug */,
				F472C5862DFC69F9000D13D5 /* Release */,
			);
			defaultConfigurationIsVisible = 0;
			defaultConfigurationName = Release;
		};
		F472C5872DFC69F9000D13D5 /* Build configuration list for PBXNativeTarget "GoalGalAppUITests" */ = {
			isa = XCConfigurationList;
			buildConfigurations = (
				F472C5882DFC69F9000D13D5 /* Debug */,
				F472C5892DFC69F9000D13D5 /* Release */,
			);
			defaultConfigurationIsVisible = 0;
			defaultConfigurationName = Release;
		};
/* End XCConfigurationList section */
	};
	rootObject = F472C5552DFC69F3000D13D5 /* Project object */;
}
